
Microsoft Visual Studio Solution File, Format Version 12.00
# Visual Studio Version 16
VisualStudioVersion = 16.0.29728.190
MinimumVisualStudioVersion = 10.0.40219.1
Project("{FAE04EC0-301F-11D3-BF4B-00C04F79EFBC}") = "NetSmartzCodingTest", "NetSmartzCodingTest\NetSmartzCodingTest.csproj", "{96829C86-8D34-4F07-B742-50B67F89308F}"
EndProject
Project("{FAE04EC0-301F-11D3-BF4B-00C04F79EFBC}") = "Models", "Models\Models.csproj", "{D70DBEB8-701F-4FDC-9DA1-7BECAB3EE8B8}"
EndProject
Project("{FAE04EC0-301F-11D3-BF4B-00C04F79EFBC}") = "CommonLayer", "Common\CommonLayer.csproj", "{E88F11C1-BECB-4EA9-9C7E-8C68335E2FED}"
EndProject
Project("{FAE04EC0-301F-11D3-BF4B-00C04F79EFBC}") = "ServiceLayer", "Service\ServiceLayer.csproj", "{8B95E049-1C33-449B-83C1-7F0D3EA52990}"
EndProject
Project("{FAE04EC0-301F-11D3-BF4B-00C04F79EFBC}") = "RepositoryLayer", "Repository\RepositoryLayer.csproj", "{B09D5292-DE91-40DB-92BD-54F7A4DF6A89}"
EndProject
Global
	GlobalSection(SolutionConfigurationPlatforms) = preSolution
		Debug|Any CPU = Debug|Any CPU
		Release|Any CPU = Release|Any CPU
	EndGlobalSection
	GlobalSection(ProjectConfigurationPlatforms) = postSolution
		{96829C86-8D34-4F07-B742-50B67F89308F}.Debug|Any CPU.ActiveCfg = Debug|Any CPU
		{96829C86-8D34-4F07-B742-50B67F89308F}.Debug|Any CPU.Build.0 = Debug|Any CPU
		{96829C86-8D34-4F07-B742-50B67F89308F}.Release|Any CPU.ActiveCfg = Release|Any CPU
		{96829C86-8D34-4F07-B742-50B67F89308F}.Release|Any CPU.Build.0 = Release|Any CPU
		{D70DBEB8-701F-4FDC-9DA1-7BECAB3EE8B8}.Debug|Any CPU.ActiveCfg = Debug|Any CPU
		{D70DBEB8-701F-4FDC-9DA1-7BECAB3EE8B8}.Debug|Any CPU.Build.0 = Debug|Any CPU
		{D70DBEB8-701F-4FDC-9DA1-7BECAB3EE8B8}.Release|Any CPU.ActiveCfg = Release|Any CPU
		{D70DBEB8-701F-4FDC-9DA1-7BECAB3EE8B8}.Release|Any CPU.Build.0 = Release|Any CPU
		{E88F11C1-BECB-4EA9-9C7E-8C68335E2FED}.Debug|Any CPU.ActiveCfg = Debug|Any CPU
		{E88F11C1-BECB-4EA9-9C7E-8C68335E2FED}.Debug|Any CPU.Build.0 = Debug|Any CPU
		{E88F11C1-BECB-4EA9-9C7E-8C68335E2FED}.Release|Any CPU.ActiveCfg = Release|Any CPU
		{E88F11C1-BECB-4EA9-9C7E-8C68335E2FED}.Release|Any CPU.Build.0 = Release|Any CPU
		{8B95E049-1C33-449B-83C1-7F0D3EA52990}.Debug|Any CPU.ActiveCfg = Debug|Any CPU
		{8B95E049-1C33-449B-83C1-7F0D3EA52990}.Debug|Any CPU.Build.0 = Debug|Any CPU
		{8B95E049-1C33-449B-83C1-7F0D3EA52990}.Release|Any CPU.ActiveCfg = Release|Any CPU
		{8B95E049-1C33-449B-83C1-7F0D3EA52990}.Release|Any CPU.Build.0 = Release|Any CPU
		{B09D5292-DE91-40DB-92BD-54F7A4DF6A89}.Debug|Any CPU.ActiveCfg = Debug|Any CPU
		{B09D5292-DE91-40DB-92BD-54F7A4DF6A89}.Debug|Any CPU.Build.0 = Debug|Any CPU
		{B09D5292-DE91-40DB-92BD-54F7A4DF6A89}.Release|Any CPU.ActiveCfg = Release|Any CPU
		{B09D5292-DE91-40DB-92BD-54F7A4DF6A89}.Release|Any CPU.Build.0 = Release|Any CPU
	EndGlobalSection
	GlobalSection(SolutionProperties) = preSolution
		HideSolutionNode = FALSE
	EndGlobalSection
	GlobalSection(ExtensibilityGlobals) = postSolution
		SolutionGuid = {0D2A94C4-A7BD-4CC1-B9D8-3A566F40D96A}
	EndGlobalSection
EndGlobal
